# This file was autogenerated by Stack.
# You should not edit this file by hand.
# For more information, please see the documentation at:
#   https://docs.haskellstack.org/en/stable/lock_files

packages:
- completed:
    hackage: hashtables-1.3@sha256:ab21804fdafbbd8ad918b2911dabb729ae0ea891780fe66bf7804cbcd07edadf,10379
    pantry-tree:
      sha256: e71f113ad989dbc994e0fb52bcc219d62930de9afa8b3441bf7909e864481b33
      size: 2895
  original:
    hackage: hashtables-1.3@sha256:ab21804fdafbbd8ad918b2911dabb729ae0ea891780fe66bf7804cbcd07edadf,10379
- completed:
    hackage: hashable-1.4.0.2@sha256:0cddd0229d1aac305ea0404409c0bbfab81f075817bd74b8b2929eff58333e55,5005
    pantry-tree:
      sha256: 51dda0aa70849588d074125f324beba1c8736cfa486e7f4a90a798b1d0e6019d
      size: 1248
  original:
    hackage: hashable-1.4.0.2@sha256:0cddd0229d1aac305ea0404409c0bbfab81f075817bd74b8b2929eff58333e55,5005
- completed:
    hackage: blank-canvas-0.7.3@sha256:29d171236031d69f89d76b6cfebe86faa6e0e9b7717074da684ea0f1b71fc4ef,5103
    pantry-tree:
      sha256: a4e10d3fa8a24ca6ade08885fdc66df3785f2ae61379df44a936ca2cc05dc5df
      size: 1495
  original:
    hackage: blank-canvas-0.7.3@sha256:29d171236031d69f89d76b6cfebe86faa6e0e9b7717074da684ea0f1b71fc4ef,5103
- completed:
    hackage: kansas-comet-0.4.1@sha256:2e266526750834329471b59073a66e1e14ca026cda2774a2fbe67c74c6b3f6a5,2306
    pantry-tree:
      sha256: 537a165fff4cfe1b381e990f26b18e1a493ce2157b378b43253666daaf77919c
      size: 383
  original:
    hackage: kansas-comet-0.4.1@sha256:2e266526750834329471b59073a66e1e14ca026cda2774a2fbe67c74c6b3f6a5,2306
- completed:
    hackage: primitive-0.7.4.0@sha256:89b88a3e08493b7727fa4089b0692bfbdf7e1e666ef54635f458644eb8358764,2857
    pantry-tree:
      sha256: 71a850c658b70e869da19f61615d87d9d6ecec597f0e3d4b498da56559114829
      size: 1655
  original:
    hackage: primitive-0.7.4.0@sha256:89b88a3e08493b7727fa4089b0692bfbdf7e1e666ef54635f458644eb8358764,2857
snapshots:
- completed:
    sha256: 82e5ccb47b068521de4055034e8aa278eab430b586881d9cc29ba8b382ce3253
    size: 618952
    url: https://raw.githubusercontent.com/commercialhaskell/stackage-snapshots/master/lts/19/15.yaml
  original:
    url: https://raw.githubusercontent.com/commercialhaskell/stackage-snapshots/master/lts/19/15.yaml
